
Microsoft Visual Studio Solution File, Format Version 12.00
# Visual Studio Version 17
VisualStudioVersion = 17.2.32616.157
MinimumVisualStudioVersion = 10.0.40219.1
Project("{8BC9CEB8-8B4A-11D0-8D11-00A0C91BC942}") = "SubsRename", "SubsRename\SubsRename.vcxproj", "{C0B4AC91-7A9D-4128-9FA2-34443BB341BE}"
EndProject
Project("{8BC9CEB8-8B4A-11D0-8D11-00A0C91BC942}") = "SubsRenameTest", "SubsRenameTest\SubsRenameTest.vcxproj", "{A82B9F57-5C94-4986-BE11-C1702A9F354F}"
EndProject
Project("{8BC9CEB8-8B4A-11D0-8D11-00A0C91BC942}") = "ResyncSubs", "ResyncSubs\ResyncSubs.vcxproj", "{FCADC76F-5199-41BD-9462-73F96061732C}"
EndProject
Global
	GlobalSection(SolutionConfigurationPlatforms) = preSolution
		Debug|x64 = Debug|x64
		Debug|x86 = Debug|x86
		Release|x64 = Release|x64
		Release|x86 = Release|x86
	EndGlobalSection
	GlobalSection(ProjectConfigurationPlatforms) = postSolution
		{C0B4AC91-7A9D-4128-9FA2-34443BB341BE}.Debug|x64.ActiveCfg = Debug|x64
		{C0B4AC91-7A9D-4128-9FA2-34443BB341BE}.Debug|x64.Build.0 = Debug|x64
		{C0B4AC91-7A9D-4128-9FA2-34443BB341BE}.Debug|x86.ActiveCfg = Debug|Win32
		{C0B4AC91-7A9D-4128-9FA2-34443BB341BE}.Debug|x86.Build.0 = Debug|Win32
		{C0B4AC91-7A9D-4128-9FA2-34443BB341BE}.Release|x64.ActiveCfg = Release|x64
		{C0B4AC91-7A9D-4128-9FA2-34443BB341BE}.Release|x64.Build.0 = Release|x64
		{C0B4AC91-7A9D-4128-9FA2-34443BB341BE}.Release|x86.ActiveCfg = Release|Win32
		{C0B4AC91-7A9D-4128-9FA2-34443BB341BE}.Release|x86.Build.0 = Release|Win32
		{A82B9F57-5C94-4986-BE11-C1702A9F354F}.Debug|x64.ActiveCfg = Debug|x64
		{A82B9F57-5C94-4986-BE11-C1702A9F354F}.Debug|x64.Build.0 = Debug|x64
		{A82B9F57-5C94-4986-BE11-C1702A9F354F}.Debug|x86.ActiveCfg = Debug|Win32
		{A82B9F57-5C94-4986-BE11-C1702A9F354F}.Debug|x86.Build.0 = Debug|Win32
		{A82B9F57-5C94-4986-BE11-C1702A9F354F}.Release|x64.ActiveCfg = Release|x64
		{A82B9F57-5C94-4986-BE11-C1702A9F354F}.Release|x64.Build.0 = Release|x64
		{A82B9F57-5C94-4986-BE11-C1702A9F354F}.Release|x86.ActiveCfg = Release|Win32
		{A82B9F57-5C94-4986-BE11-C1702A9F354F}.Release|x86.Build.0 = Release|Win32
		{FCADC76F-5199-41BD-9462-73F96061732C}.Debug|x64.ActiveCfg = Debug|x64
		{FCADC76F-5199-41BD-9462-73F96061732C}.Debug|x64.Build.0 = Debug|x64
		{FCADC76F-5199-41BD-9462-73F96061732C}.Debug|x86.ActiveCfg = Debug|Win32
		{FCADC76F-5199-41BD-9462-73F96061732C}.Debug|x86.Build.0 = Debug|Win32
		{FCADC76F-5199-41BD-9462-73F96061732C}.Release|x64.ActiveCfg = Release|x64
		{FCADC76F-5199-41BD-9462-73F96061732C}.Release|x64.Build.0 = Release|x64
		{FCADC76F-5199-41BD-9462-73F96061732C}.Release|x86.ActiveCfg = Release|Win32
		{FCADC76F-5199-41BD-9462-73F96061732C}.Release|x86.Build.0 = Release|Win32
	EndGlobalSection
	GlobalSection(SolutionProperties) = preSolution
		HideSolutionNode = FALSE
	EndGlobalSection
	GlobalSection(ExtensibilityGlobals) = postSolution
		SolutionGuid = {F7025757-617B-476F-B5AA-12A9DDD88D1C}
	EndGlobalSection
EndGlobal
